
Microsoft Visual Studio Solution File, Format Version 12.00
# Visual Studio Version 16
VisualStudioVersion = 16.0.33027.164
MinimumVisualStudioVersion = 10.0.40219.1
Project("{8BC9CEB8-8B4A-11D0-8D11-00A0C91BC942}") = "file-manager", "file-manager.vcxproj", "{ABEEFAD4-5E3C-424B-A5D4-8B80DB43509E}"
EndProject
Global
	GlobalSection(SolutionConfigurationPlatforms) = preSolution
		Debug|x64 = Debug|x64
		Debug|x86 = Debug|x86
		Release|x64 = Release|x64
		Release|x86 = Release|x86
	EndGlobalSection
	GlobalSection(ProjectConfigurationPlatforms) = postSolution
		{ABEEFAD4-5E3C-424B-A5D4-8B80DB43509E}.Debug|x64.ActiveCfg = Debug|x64
		{ABEEFAD4-5E3C-424B-A5D4-8B80DB43509E}.Debug|x64.Build.0 = Debug|x64
		{ABEEFAD4-5E3C-424B-A5D4-8B80DB43509E}.Debug|x86.ActiveCfg = Debug|Win32
		{ABEEFAD4-5E3C-424B-A5D4-8B80DB43509E}.Debug|x86.Build.0 = Debug|Win32
		{ABEEFAD4-5E3C-424B-A5D4-8B80DB43509E}.Release|x64.ActiveCfg = Release|x64
		{ABEEFAD4-5E3C-424B-A5D4-8B80DB43509E}.Release|x64.Build.0 = Release|x64
		{ABEEFAD4-5E3C-424B-A5D4-8B80DB43509E}.Release|x86.ActiveCfg = Release|Win32
		{ABEEFAD4-5E3C-424B-A5D4-8B80DB43509E}.Release|x86.Build.0 = Release|Win32
	EndGlobalSection
	GlobalSection(SolutionProperties) = preSolution
		HideSolutionNode = FALSE
	EndGlobalSection
	GlobalSection(ExtensibilityGlobals) = postSolution
		SolutionGuid = {272165CB-F288-4571-9D87-BA20A444E0F1}
	EndGlobalSection
EndGlobal
